
Microsoft Visual Studio Solution File, Format Version 12.00
# Visual Studio Version 17
VisualStudioVersion = 17.11.35327.3
MinimumVisualStudioVersion = 10.0.40219.1
Project("{FAE04EC0-301F-11D3-BF4B-00C04F79EFBC}") = "src", "src\src.csproj", "{DE27784D-75F2-4D5C-8853-F2AC75ADB63D}"
EndProject
Global
	GlobalSection(SolutionConfigurationPlatforms) = preSolution
		Debug|Any CPU = Debug|Any CPU
		Release|Any CPU = Release|Any CPU
	EndGlobalSection
	GlobalSection(ProjectConfigurationPlatforms) = postSolution
		{DE27784D-75F2-4D5C-8853-F2AC75ADB63D}.Debug|Any CPU.ActiveCfg = Debug|Any CPU
		{DE27784D-75F2-4D5C-8853-F2AC75ADB63D}.Debug|Any CPU.Build.0 = Debug|Any CPU
		{DE27784D-75F2-4D5C-8853-F2AC75ADB63D}.Release|Any CPU.ActiveCfg = Release|Any CPU
		{DE27784D-75F2-4D5C-8853-F2AC75ADB63D}.Release|Any CPU.Build.0 = Release|Any CPU
	EndGlobalSection
	GlobalSection(SolutionProperties) = preSolution
		HideSolutionNode = FALSE
	EndGlobalSection
	GlobalSection(ExtensibilityGlobals) = postSolution
		SolutionGuid = {072466BD-09CA-4265-959B-DA491B3838FF}
	EndGlobalSection
EndGlobal
